// !$*UTF8*$!
{
	archiveVersion = 1;
	classes = {
	};
	objectVersion = 70;
	objects = {

/* Begin PBXBuildFile section */
		A000000000000000000000001 /* HostApp.swift in Sources */ = {isa = PBXBuildFile; fileRef = 100000000000000000000101 /* HostApp.swift */; };
		A000000000000000000000002 /* ExtensionMain.swift in Sources */ = {isa = PBXBuildFile; fileRef = 100000000000000000000201 /* ExtensionMain.swift */; };
		A000000000000000000000003 /* PortableFSDev.appex in Embed ExtensionKit Extensions */ = {isa = PBXBuildFile; fileRef = 100000000000000000000302 /* PortableFSDev.appex */; settings = {ATTRIBUTES = (RemoveHeadersOnCopy, ); }; };
		A000000000000000000000004 /* PortableFSKit in Frameworks */ = {isa = PBXBuildFile; productRef = 100000000000000000000901 /* PortableFSKit */; };
		A000000000000000000000005 /* PortableFSAppCore in Frameworks */ = {isa = PBXBuildFile; productRef = 100000000000000000000902 /* PortableFSAppCore */; };
/* End PBXBuildFile section */

/* Begin PBXContainerItemProxy section */
		100000000000000000000401 /* PBXContainerItemProxy */ = {
			isa = PBXContainerItemProxy;
			containerPortal = 100000000000000000000701 /* Project object */;
			proxyType = 1;
			remoteGlobalIDString = 100000000000000000000502;
			remoteInfo = PortableFSDev;
		};
/* End PBXContainerItemProxy section */

/* Begin PBXCopyFilesBuildPhase section */
		100000000000000000000601 /* Embed ExtensionKit Extensions */ = {
			isa = PBXCopyFilesBuildPhase;
			buildActionMask = 2147483647;
			dstPath = "$(EXTENSIONS_FOLDER_PATH)";
			dstSubfolderSpec = 16;
			files = (
				A000000000000000000000003 /* PortableFSDev.appex in Embed ExtensionKit Extensions */,
			);
			name = "Embed ExtensionKit Extensions";
			runOnlyForDeploymentPostprocessing = 0;
		};
/* End PBXCopyFilesBuildPhase section */

/* Begin PBXFileReference section */
		100000000000000000000101 /* HostApp.swift */ = {isa = PBXFileReference; lastKnownFileType = sourcecode.swift; path = HostApp.swift; sourceTree = "<group>"; };
		100000000000000000000102 /* Info.plist */ = {isa = PBXFileReference; lastKnownFileType = text.plist.xml; path = Info.plist; sourceTree = "<group>"; };
		100000000000000000000201 /* ExtensionMain.swift */ = {isa = PBXFileReference; lastKnownFileType = sourcecode.swift; path = ExtensionMain.swift; sourceTree = "<group>"; };
		100000000000000000000202 /* Info.plist */ = {isa = PBXFileReference; lastKnownFileType = text.plist.xml; path = Info.plist; sourceTree = "<group>"; };
		100000000000000000000203 /* PortableFSDev.entitlements */ = {isa = PBXFileReference; lastKnownFileType = text.plist.entitlements; path = PortableFSDev.entitlements; sourceTree = "<group>"; };
		100000000000000000000301 /* PortableFSKitDev.app */ = {isa = PBXFileReference; explicitFileType = wrapper.application; includeInIndex = 0; path = PortableFSKitDev.app; sourceTree = BUILT_PRODUCTS_DIR; };
		100000000000000000000302 /* PortableFSDev.appex */ = {isa = PBXFileReference; explicitFileType = "wrapper.extensionkit-extension"; includeInIndex = 0; path = PortableFSDev.appex; sourceTree = BUILT_PRODUCTS_DIR; };
		100000000000000000000801 /* Development.xcconfig */ = {isa = PBXFileReference; lastKnownFileType = text.xcconfig; path = Development.xcconfig; sourceTree = "<group>"; };
/* End PBXFileReference section */

/* Begin PBXFrameworksBuildPhase section */
		100000000000000000000602 /* Host Frameworks */ = {
			isa = PBXFrameworksBuildPhase;
			buildActionMask = 2147483647;
			files = (
				A000000000000000000000005 /* PortableFSAppCore in Frameworks */,
			);
			runOnlyForDeploymentPostprocessing = 0;
		};
		100000000000000000000603 /* Extension Frameworks */ = {
			isa = PBXFrameworksBuildPhase;
			buildActionMask = 2147483647;
			files = (
				A000000000000000000000004 /* PortableFSKit in Frameworks */,
			);
			runOnlyForDeploymentPostprocessing = 0;
		};
/* End PBXFrameworksBuildPhase section */

/* Begin PBXGroup section */
		100000000000000000000001 = {
			isa = PBXGroup;
			children = (
				100000000000000000000110 /* PortableFSKitDev */,
				100000000000000000000210 /* PortableFSDev */,
				100000000000000000000810 /* Config */,
				100000000000000000000310 /* Products */,
			);
			sourceTree = "<group>";
		};
		100000000000000000000110 /* PortableFSKitDev */ = {
			isa = PBXGroup;
			children = (
				100000000000000000000101 /* HostApp.swift */,
				100000000000000000000102 /* Info.plist */,
			);
			path = PortableFSKitDev;
			sourceTree = "<group>";
		};
		100000000000000000000210 /* PortableFSDev */ = {
			isa = PBXGroup;
			children = (
				100000000000000000000201 /* ExtensionMain.swift */,
				100000000000000000000202 /* Info.plist */,
				100000000000000000000203 /* PortableFSDev.entitlements */,
			);
			path = PortableFSDev;
			sourceTree = "<group>";
		};
		100000000000000000000310 /* Products */ = {
			isa = PBXGroup;
			children = (
				100000000000000000000301 /* PortableFSKitDev.app */,
				100000000000000000000302 /* PortableFSDev.appex */,
			);
			name = Products;
			sourceTree = "<group>";
		};
		100000000000000000000810 /* Config */ = {
			isa = PBXGroup;
			children = (
				100000000000000000000801 /* Development.xcconfig */,
			);
			path = Config;
			sourceTree = "<group>";
		};
/* End PBXGroup section */

/* Begin PBXNativeTarget section */
		100000000000000000000501 /* PortableFSKitDev */ = {
			isa = PBXNativeTarget;
			buildConfigurationList = 100000000000000000000731 /* Build configuration list for PBXNativeTarget "PortableFSKitDev" */;
			buildPhases = (
				100000000000000000000604 /* Host Sources */,
				100000000000000000000602 /* Host Frameworks */,
				100000000000000000000606 /* Host Resources */,
				100000000000000000000608 /* Embed PortableFS tools */,
				100000000000000000000601 /* Embed ExtensionKit Extensions */,
			);
			buildRules = (
			);
			dependencies = (
				100000000000000000000402 /* PBXTargetDependency */,
			);
			name = PortableFSKitDev;
			packageProductDependencies = (
				100000000000000000000902 /* PortableFSAppCore */,
			);
			productName = PortableFSKitDev;
			productReference = 100000000000000000000301 /* PortableFSKitDev.app */;
			productType = "com.apple.product-type.application";
		};
		100000000000000000000502 /* PortableFSDev */ = {
			isa = PBXNativeTarget;
			buildConfigurationList = 100000000000000000000732 /* Build configuration list for PBXNativeTarget "PortableFSDev" */;
			buildPhases = (
				100000000000000000000605 /* Extension Sources */,
				100000000000000000000603 /* Extension Frameworks */,
				100000000000000000000607 /* Extension Resources */,
			);
			buildRules = (
			);
			dependencies = (
			);
			name = PortableFSDev;
			packageProductDependencies = (
				100000000000000000000901 /* PortableFSKit */,
			);
			productName = PortableFSDev;
			productReference = 100000000000000000000302 /* PortableFSDev.appex */;
			productType = "com.apple.product-type.extensionkit-extension";
		};
/* End PBXNativeTarget section */

/* Begin PBXProject section */
		100000000000000000000701 /* Project object */ = {
			isa = PBXProject;
			attributes = {
				BuildIndependentTargetsInParallel = 1;
				LastSwiftUpdateCheck = 2660;
				LastUpgradeCheck = 2660;
				TargetAttributes = {
					100000000000000000000501 = {
						CreatedOnToolsVersion = 26.6;
						SystemCapabilities = {
							com.apple.ApplicationGroups = {
								enabled = 1;
							};
						};
					};
					100000000000000000000502 = {
						CreatedOnToolsVersion = 26.6;
						SystemCapabilities = {
							com.apple.ApplicationGroups = {
								enabled = 1;
							};
						};
					};
				};
			};
			buildConfigurationList = 100000000000000000000730 /* Build configuration list for PBXProject "PortableFSKitDev" */;
			compatibilityVersion = "Xcode 15.0";
			developmentRegion = en;
			hasScannedForEncodings = 0;
			knownRegions = (
				en,
				Base,
			);
			mainGroup = 100000000000000000000001;
			packageReferences = (
				100000000000000000000900 /* XCLocalSwiftPackageReference "../PortableFSKit" */,
			);
			productRefGroup = 100000000000000000000310 /* Products */;
			projectDirPath = "";
			projectRoot = "";
			targets = (
				100000000000000000000501 /* PortableFSKitDev */,
				100000000000000000000502 /* PortableFSDev */,
			);
		};
/* End PBXProject section */

/* Begin PBXResourcesBuildPhase section */
		100000000000000000000606 /* Host Resources */ = {
			isa = PBXResourcesBuildPhase;
			buildActionMask = 2147483647;
			files = (
			);
			runOnlyForDeploymentPostprocessing = 0;
		};
		100000000000000000000607 /* Extension Resources */ = {
			isa = PBXResourcesBuildPhase;
			buildActionMask = 2147483647;
			files = (
			);
			runOnlyForDeploymentPostprocessing = 0;
		};
/* End PBXResourcesBuildPhase section */

/* Begin PBXShellScriptBuildPhase section */
		100000000000000000000608 /* Embed PortableFS tools */ = {
			isa = PBXShellScriptBuildPhase;
			alwaysOutOfDate = 1;
			buildActionMask = 2147483647;
			files = (
			);
			inputPaths = (
				"$(SRCROOT)/../PortableFSApp/Config/PortableFSHelpers.entitlements",
			);
			name = "Embed PortableFS tools";
			outputPaths = (
				"$(TARGET_BUILD_DIR)/$(CONTENTS_FOLDER_PATH)/Helpers/portablefs",
				"$(TARGET_BUILD_DIR)/$(CONTENTS_FOLDER_PATH)/Library/LaunchAgents/PortableFSDService.app/Contents/MacOS/portablefsd",
				"$(TARGET_BUILD_DIR)/$(CONTENTS_FOLDER_PATH)/Library/LaunchAgents/$(PRODUCT_BUNDLE_IDENTIFIER).portablefsd.plist",
			);
			runOnlyForDeploymentPostprocessing = 0;
			shellPath = /bin/sh;
			shellScript = "PORTABLEFS_NATIVE_QUALIFICATION= \"$SRCROOT/../PortableFSApp/Scripts/embed-portablefs-tools.sh\"\n";
			showEnvVarsInLog = 0;
		};
/* End PBXShellScriptBuildPhase section */

/* Begin PBXSourcesBuildPhase section */
		100000000000000000000604 /* Host Sources */ = {
			isa = PBXSourcesBuildPhase;
			buildActionMask = 2147483647;
			files = (
				A000000000000000000000001 /* HostApp.swift in Sources */,
			);
			runOnlyForDeploymentPostprocessing = 0;
		};
		100000000000000000000605 /* Extension Sources */ = {
			isa = PBXSourcesBuildPhase;
			buildActionMask = 2147483647;
			files = (
				A000000000000000000000002 /* ExtensionMain.swift in Sources */,
			);
			runOnlyForDeploymentPostprocessing = 0;
		};
/* End PBXSourcesBuildPhase section */

/* Begin PBXTargetDependency section */
		100000000000000000000402 /* PBXTargetDependency */ = {
			isa = PBXTargetDependency;
			target = 100000000000000000000502 /* PortableFSDev */;
			targetProxy = 100000000000000000000401 /* PBXContainerItemProxy */;
		};
/* End PBXTargetDependency section */

/* Begin XCBuildConfiguration section */
		100000000000000000000741 /* Debug */ = {
			isa = XCBuildConfiguration;
			baseConfigurationReference = 100000000000000000000801 /* Development.xcconfig */;
			buildSettings = {
				ALWAYS_SEARCH_USER_PATHS = NO;
				CLANG_ENABLE_MODULES = YES;
				CODE_SIGN_STYLE = Automatic;
				CURRENT_PROJECT_VERSION = 1;
				DEBUG_INFORMATION_FORMAT = dwarf;
				ENABLE_TESTABILITY = YES;
				GCC_C_LANGUAGE_STANDARD = gnu17;
				MACOSX_DEPLOYMENT_TARGET = 26.0;
				ONLY_ACTIVE_ARCH = YES;
				SDKROOT = macosx;
				SWIFT_ACTIVE_COMPILATION_CONDITIONS = "DEBUG $(inherited)";
				SWIFT_OPTIMIZATION_LEVEL = "-Onone";
				SWIFT_VERSION = 6.0;
			};
			name = Debug;
		};
		100000000000000000000742 /* Release */ = {
			isa = XCBuildConfiguration;
			baseConfigurationReference = 100000000000000000000801 /* Development.xcconfig */;
			buildSettings = {
				ALWAYS_SEARCH_USER_PATHS = NO;
				CLANG_ENABLE_MODULES = YES;
				CODE_SIGN_STYLE = Automatic;
				CURRENT_PROJECT_VERSION = 1;
				DEBUG_INFORMATION_FORMAT = "dwarf-with-dsym";
				GCC_C_LANGUAGE_STANDARD = gnu17;
				MACOSX_DEPLOYMENT_TARGET = 26.0;
				SDKROOT = macosx;
				SWIFT_COMPILATION_MODE = wholemodule;
				SWIFT_VERSION = 6.0;
			};
			name = Release;
		};
		100000000000000000000751 /* Debug */ = {
			isa = XCBuildConfiguration;
			baseConfigurationReference = 100000000000000000000801 /* Development.xcconfig */;
			buildSettings = {
				CODE_SIGN_ENTITLEMENTS = PortableFSKitDev/PortableFSKitDev.entitlements;
				CODE_SIGN_STYLE = Automatic;
				COMBINE_HIDPI_IMAGES = YES;
				CURRENT_PROJECT_VERSION = 1;
				DEAD_CODE_STRIPPING = YES;
				ENABLE_HARDENED_RUNTIME = YES;
				GENERATE_INFOPLIST_FILE = NO;
				INFOPLIST_FILE = PortableFSKitDev/Info.plist;
				LD_RUNPATH_SEARCH_PATHS = (
					"$(inherited)",
					"@executable_path/../Frameworks",
				);
				MACOSX_DEPLOYMENT_TARGET = 26.0;
				MARKETING_VERSION = 0.2.4;
				INFOPLIST_KEY_CFBundleDisplayName = "PortableFS OSS Dev";
				PRODUCT_BUNDLE_IDENTIFIER = dev.portablefs.oss.KitDev;
				PRODUCT_NAME = "$(TARGET_NAME)";
				SWIFT_EMIT_LOC_STRINGS = YES;
				SWIFT_OPTIMIZATION_LEVEL = "-Onone";
				SWIFT_VERSION = 6.0;
			};
			name = Debug;
		};
		100000000000000000000752 /* Release */ = {
			isa = XCBuildConfiguration;
			baseConfigurationReference = 100000000000000000000801 /* Development.xcconfig */;
			buildSettings = {
				CODE_SIGN_ENTITLEMENTS = PortableFSKitDev/PortableFSKitDev.entitlements;
				CODE_SIGN_STYLE = Automatic;
				COMBINE_HIDPI_IMAGES = YES;
				CURRENT_PROJECT_VERSION = 1;
				DEAD_CODE_STRIPPING = YES;
				ENABLE_HARDENED_RUNTIME = YES;
				GENERATE_INFOPLIST_FILE = NO;
				INFOPLIST_FILE = PortableFSKitDev/Info.plist;
				LD_RUNPATH_SEARCH_PATHS = (
					"$(inherited)",
					"@executable_path/../Frameworks",
				);
				MACOSX_DEPLOYMENT_TARGET = 26.0;
				MARKETING_VERSION = 0.2.4;
				INFOPLIST_KEY_CFBundleDisplayName = "PortableFS OSS Dev";
				PRODUCT_BUNDLE_IDENTIFIER = dev.portablefs.oss.KitDev;
				PRODUCT_NAME = "$(TARGET_NAME)";
				SWIFT_EMIT_LOC_STRINGS = YES;
				SWIFT_VERSION = 6.0;
			};
			name = Release;
		};
		100000000000000000000761 /* Debug */ = {
			isa = XCBuildConfiguration;
			baseConfigurationReference = 100000000000000000000801 /* Development.xcconfig */;
			buildSettings = {
				CLANG_ENABLE_MODULES = YES;
				CODE_SIGN_ENTITLEMENTS = PortableFSDev/PortableFSDev.entitlements;
				CODE_SIGN_STYLE = Automatic;
				CURRENT_PROJECT_VERSION = 1;
				DEAD_CODE_STRIPPING = YES;
				ENABLE_HARDENED_RUNTIME = YES;
				GENERATE_INFOPLIST_FILE = NO;
				INFOPLIST_FILE = PortableFSDev/Info.plist;
				LD_RUNPATH_SEARCH_PATHS = (
					"$(inherited)",
					"@executable_path/../Frameworks",
					"@executable_path/../../../../Frameworks",
				);
				MACOSX_DEPLOYMENT_TARGET = 26.0;
				MARKETING_VERSION = 0.2.4;
				PRODUCT_BUNDLE_IDENTIFIER = dev.portablefs.oss.KitDev.PortableFSDev;
				PRODUCT_NAME = "$(TARGET_NAME)";
				SKIP_INSTALL = YES;
				SWIFT_EMIT_LOC_STRINGS = YES;
				SWIFT_OPTIMIZATION_LEVEL = "-Onone";
				SWIFT_VERSION = 6.0;
			};
			name = Debug;
		};
		100000000000000000000762 /* Release */ = {
			isa = XCBuildConfiguration;
			baseConfigurationReference = 100000000000000000000801 /* Development.xcconfig */;
			buildSettings = {
				CLANG_ENABLE_MODULES = YES;
				CODE_SIGN_ENTITLEMENTS = PortableFSDev/PortableFSDev.entitlements;
				CODE_SIGN_STYLE = Automatic;
				CURRENT_PROJECT_VERSION = 1;
				DEAD_CODE_STRIPPING = YES;
				ENABLE_HARDENED_RUNTIME = YES;
				GENERATE_INFOPLIST_FILE = NO;
				INFOPLIST_FILE = PortableFSDev/Info.plist;
				LD_RUNPATH_SEARCH_PATHS = (
					"$(inherited)",
					"@executable_path/../Frameworks",
					"@executable_path/../../../../Frameworks",
				);
				MACOSX_DEPLOYMENT_TARGET = 26.0;
				MARKETING_VERSION = 0.2.4;
				PRODUCT_BUNDLE_IDENTIFIER = dev.portablefs.oss.KitDev.PortableFSDev;
				PRODUCT_NAME = "$(TARGET_NAME)";
				SKIP_INSTALL = YES;
				SWIFT_EMIT_LOC_STRINGS = YES;
				SWIFT_VERSION = 6.0;
			};
			name = Release;
		};
/* End XCBuildConfiguration section */

/* Begin XCConfigurationList section */
		100000000000000000000730 /* Build configuration list for PBXProject "PortableFSKitDev" */ = {
			isa = XCConfigurationList;
			buildConfigurations = (
				100000000000000000000741 /* Debug */,
				100000000000000000000742 /* Release */,
			);
			defaultConfigurationIsVisible = 0;
			defaultConfigurationName = Release;
		};
		100000000000000000000731 /* Build configuration list for PBXNativeTarget "PortableFSKitDev" */ = {
			isa = XCConfigurationList;
			buildConfigurations = (
				100000000000000000000751 /* Debug */,
				100000000000000000000752 /* Release */,
			);
			defaultConfigurationIsVisible = 0;
			defaultConfigurationName = Release;
		};
		100000000000000000000732 /* Build configuration list for PBXNativeTarget "PortableFSDev" */ = {
			isa = XCConfigurationList;
			buildConfigurations = (
				100000000000000000000761 /* Debug */,
				100000000000000000000762 /* Release */,
			);
			defaultConfigurationIsVisible = 0;
			defaultConfigurationName = Release;
		};
/* End XCConfigurationList section */

/* Begin XCLocalSwiftPackageReference section */
		100000000000000000000900 /* XCLocalSwiftPackageReference "../PortableFSKit" */ = {
			isa = XCLocalSwiftPackageReference;
			relativePath = ../PortableFSKit;
		};
/* End XCLocalSwiftPackageReference section */

/* Begin XCSwiftPackageProductDependency section */
		100000000000000000000901 /* PortableFSKit */ = {
			isa = XCSwiftPackageProductDependency;
			package = 100000000000000000000900 /* XCLocalSwiftPackageReference "../PortableFSKit" */;
			productName = PortableFSKit;
		};
		100000000000000000000902 /* PortableFSAppCore */ = {
			isa = XCSwiftPackageProductDependency;
			package = 100000000000000000000900 /* XCLocalSwiftPackageReference "../PortableFSKit" */;
			productName = PortableFSAppCore;
		};
/* End XCSwiftPackageProductDependency section */
	};
	rootObject = 100000000000000000000701 /* Project object */;
}
